
Microsoft Visual Studio Solution File, Format Version 11.00
# Visual Studio 2010
Project("{FAE04EC0-301F-11D3-BF4B-00C04F79EFBC}") = "Assembly-CSharp", "Assembly-CSharp.csproj", "{2027a4ba-c19d-1a4a-31cd-7184a47dd9fe}"
EndProject
Project("{FAE04EC0-301F-11D3-BF4B-00C04F79EFBC}") = "Assembly-CSharp-Editor", "Assembly-CSharp-Editor.csproj", "{cb073b75-b920-295c-c15f-0c974b56817c}"
EndProject
Global
	GlobalSection(SolutionConfigurationPlatforms) = preSolution
		Debug|Any CPU = Debug|Any CPU
	EndGlobalSection
	GlobalSection(ProjectConfigurationPlatforms) = postSolution
		{2027a4ba-c19d-1a4a-31cd-7184a47dd9fe}.Debug|Any CPU.ActiveCfg = Debug|Any CPU
		{2027a4ba-c19d-1a4a-31cd-7184a47dd9fe}.Debug|Any CPU.Build.0 = Debug|Any CPU
		{cb073b75-b920-295c-c15f-0c974b56817c}.Debug|Any CPU.ActiveCfg = Debug|Any CPU
		{cb073b75-b920-295c-c15f-0c974b56817c}.Debug|Any CPU.Build.0 = Debug|Any CPU
	EndGlobalSection
	GlobalSection(SolutionProperties) = preSolution
		HideSolutionNode = FALSE
	EndGlobalSection
EndGlobal
